
Microsoft Visual Studio Solution File, Format Version 12.00
# Visual Studio Version 17
VisualStudioVersion = 17.3.32929.385
MinimumVisualStudioVersion = 10.0.40219.1
Project("{FAE04EC0-301F-11D3-BF4B-00C04F79EFBC}") = "EchoDirectory", "EchoDirectory\EchoDirectory.csproj", "{55BD7A0B-BD1C-442D-B134-753010F0445A}"
EndProject
Global
	GlobalSection(SolutionConfigurationPlatforms) = preSolution
		Debug|Any CPU = Debug|Any CPU
		Release|Any CPU = Release|Any CPU
	EndGlobalSection
	GlobalSection(ProjectConfigurationPlatforms) = postSolution
		{55BD7A0B-BD1C-442D-B134-753010F0445A}.Debug|Any CPU.ActiveCfg = Debug|Any CPU
		{55BD7A0B-BD1C-442D-B134-753010F0445A}.Debug|Any CPU.Build.0 = Debug|Any CPU
		{55BD7A0B-BD1C-442D-B134-753010F0445A}.Release|Any CPU.ActiveCfg = Release|Any CPU
		{55BD7A0B-BD1C-442D-B134-753010F0445A}.Release|Any CPU.Build.0 = Release|Any CPU
	EndGlobalSection
	GlobalSection(SolutionProperties) = preSolution
		HideSolutionNode = FALSE
	EndGlobalSection
	GlobalSection(ExtensibilityGlobals) = postSolution
		SolutionGuid = {63162D0A-7F9E-4F3B-BC50-903684D792C3}
	EndGlobalSection
EndGlobal
